// !$*UTF8*$!
{
	archiveVersion = 1;
	classes = {
	};
	objectVersion = 46;
	objects = {

/* Begin PBXBuildFile section */
		C6C805B01C25E54100817E4B /* main.m in Sources */ = {isa = PBXBuildFile; fileRef = C6C805AF1C25E54100817E4B /* main.m */; };
		C6C805B31C25E54100817E4B /* AppDelegate.m in Sources */ = {isa = PBXBuildFile; fileRef = C6C805B21C25E54100817E4B /* AppDelegate.m */; };
		C6C805B91C25E54100817E4B /* Main.storyboard in Resources */ = {isa = PBXBuildFile; fileRef = C6C805B71C25E54100817E4B /* Main.storyboard */; };
		C6C805BB1C25E54100817E4B /* Images.xcassets in Resources */ = {isa = PBXBuildFile; fileRef = C6C805BA1C25E54100817E4B /* Images.xcassets */; };
		C6C805BE1C25E54100817E4B /* LaunchScreen.xib in Resources */ = {isa = PBXBuildFile; fileRef = C6C805BC1C25E54100817E4B /* LaunchScreen.xib */; };
		C6C805CA1C25E54100817E4B /* DreamCatcherTests.m in Sources */ = {isa = PBXBuildFile; fileRef = C6C805C91C25E54100817E4B /* DreamCatcherTests.m */; };
		C6C805D51C25E5CC00817E4B /* ListViewController.m in Sources */ = {isa = PBXBuildFile; fileRef = C6C805D41C25E5CC00817E4B /* ListViewController.m */; };
		C6C805D81C27A44C00817E4B /* DetailViewController.m in Sources */ = {isa = PBXBuildFile; fileRef = C6C805D71C27A44C00817E4B /* DetailViewController.m */; };
/* End PBXBuildFile section */

/* Begin PBXContainerItemProxy section */
		C6C805C41C25E54100817E4B /* PBXContainerItemProxy */ = {
			isa = PBXContainerItemProxy;
			containerPortal = C6C805A21C25E54100817E4B /* Project object */;
			proxyType = 1;
			remoteGlobalIDString = C6C805A91C25E54100817E4B;
			remoteInfo = DreamCatcher;
		};
/* End PBXContainerItemProxy section */

/* Begin PBXFileReference section */
		C6C805AA1C25E54100817E4B /* DreamCatcher.app */ = {isa = PBXFileReference; explicitFileType = wrapper.application; includeInIndex = 0; path = DreamCatcher.app; sourceTree = BUILT_PRODUCTS_DIR; };
		C6C805AE1C25E54100817E4B /* Info.plist */ = {isa = PBXFileReference; lastKnownFileType = text.plist.xml; path = Info.plist; sourceTree = "<group>"; };
		C6C805AF1C25E54100817E4B /* main.m */ = {isa = PBXFileReference; lastKnownFileType = sourcecode.c.objc; path = main.m; sourceTree = "<group>"; };
		C6C805B11C25E54100817E4B /* AppDelegate.h */ = {isa = PBXFileReference; lastKnownFileType = sourcecode.c.h; path = AppDelegate.h; sourceTree = "<group>"; };
		C6C805B21C25E54100817E4B /* AppDelegate.m */ = {isa = PBXFileReference; lastKnownFileType = sourcecode.c.objc; path = AppDelegate.m; sourceTree = "<group>"; };
		C6C805B81C25E54100817E4B /* Base */ = {isa = PBXFileReference; lastKnownFileType = file.storyboard; name = Base; path = Base.lproj/Main.storyboard; sourceTree = "<group>"; };
		C6C805BA1C25E54100817E4B /* Images.xcassets */ = {isa = PBXFileReference; lastKnownFileType = folder.assetcatalog; path = Images.xcassets; sourceTree = "<group>"; };
		C6C805BD1C25E54100817E4B /* Base */ = {isa = PBXFileReference; lastKnownFileType = file.xib; name = Base; path = Base.lproj/LaunchScreen.xib; sourceTree = "<group>"; };
		C6C805C31C25E54100817E4B /* DreamCatcherTests.xctest */ = {isa = PBXFileReference; explicitFileType = wrapper.cfbundle; includeInIndex = 0; path = DreamCatcherTests.xctest; sourceTree = BUILT_PRODUCTS_DIR; };
		C6C805C81C25E54100817E4B /* Info.plist */ = {isa = PBXFileReference; lastKnownFileType = text.plist.xml; path = Info.plist; sourceTree = "<group>"; };
		C6C805C91C25E54100817E4B /* DreamCatcherTests.m */ = {isa = PBXFileReference; lastKnownFileType = sourcecode.c.objc; path = DreamCatcherTests.m; sourceTree = "<group>"; };
		C6C805D31C25E5CC00817E4B /* ListViewController.h */ = {isa = PBXFileReference; fileEncoding = 4; lastKnownFileType = sourcecode.c.h; path = ListViewController.h; sourceTree = "<group>"; };
		C6C805D41C25E5CC00817E4B /* ListViewController.m */ = {isa = PBXFileReference; fileEncoding = 4; lastKnownFileType = sourcecode.c.objc; path = ListViewController.m; sourceTree = "<group>"; };
		C6C805D61C27A44C00817E4B /* DetailViewController.h */ = {isa = PBXFileReference; fileEncoding = 4; lastKnownFileType = sourcecode.c.h; path = DetailViewController.h; sourceTree = "<group>"; };
		C6C805D71C27A44C00817E4B /* DetailViewController.m */ = {isa = PBXFileReference; fileEncoding = 4; lastKnownFileType = sourcecode.c.objc; path = DetailViewController.m; sourceTree = "<group>"; };
/* End PBXFileReference section */

/* Begin PBXFrameworksBuildPhase section */
		C6C805A71C25E54100817E4B /* Frameworks */ = {
			isa = PBXFrameworksBuildPhase;
			buildActionMask = 2147483647;
			files = (
			);
			runOnlyForDeploymentPostprocessing = 0;
		};
		C6C805C01C25E54100817E4B /* Frameworks */ = {
			isa = PBXFrameworksBuildPhase;
			buildActionMask = 2147483647;
			files = (
			);
			runOnlyForDeploymentPostprocessing = 0;
		};
/* End PBXFrameworksBuildPhase section */

/* Begin PBXGroup section */
		C6C805A11C25E54100817E4B = {
			isa = PBXGroup;
			children = (
				C6C805AC1C25E54100817E4B /* DreamCatcher */,
				C6C805C61C25E54100817E4B /* DreamCatcherTests */,
				C6C805AB1C25E54100817E4B /* Products */,
			);
			sourceTree = "<group>";
		};
		C6C805AB1C25E54100817E4B /* Products */ = {
			isa = PBXGroup;
			children = (
				C6C805AA1C25E54100817E4B /* DreamCatcher.app */,
				C6C805C31C25E54100817E4B /* DreamCatcherTests.xctest */,
			);
			name = Products;
			sourceTree = "<group>";
		};
		C6C805AC1C25E54100817E4B /* DreamCatcher */ = {
			isa = PBXGroup;
			children = (
				C6C805B11C25E54100817E4B /* AppDelegate.h */,
				C6C805B21C25E54100817E4B /* AppDelegate.m */,
				C6C805D31C25E5CC00817E4B /* ListViewController.h */,
				C6C805D41C25E5CC00817E4B /* ListViewController.m */,
				C6C805B71C25E54100817E4B /* Main.storyboard */,
				C6C805D61C27A44C00817E4B /* DetailViewController.h */,
				C6C805D71C27A44C00817E4B /* DetailViewController.m */,
				C6C805BA1C25E54100817E4B /* Images.xcassets */,
				C6C805BC1C25E54100817E4B /* LaunchScreen.xib */,
				C6C805AD1C25E54100817E4B /* Supporting Files */,
			);
			path = DreamCatcher;
			sourceTree = "<group>";
		};
		C6C805AD1C25E54100817E4B /* Supporting Files */ = {
			isa = PBXGroup;
			children = (
				C6C805AE1C25E54100817E4B /* Info.plist */,
				C6C805AF1C25E54100817E4B /* main.m */,
			);
			name = "Supporting Files";
			sourceTree = "<group>";
		};
		C6C805C61C25E54100817E4B /* DreamCatcherTests */ = {
			isa = PBXGroup;
			children = (
				C6C805C91C25E54100817E4B /* DreamCatcherTests.m */,
				C6C805C71C25E54100817E4B /* Supporting Files */,
			);
			path = DreamCatcherTests;
			sourceTree = "<group>";
		};
		C6C805C71C25E54100817E4B /* Supporting Files */ = {
			isa = PBXGroup;
			children = (
				C6C805C81C25E54100817E4B /* Info.plist */,
			);
			name = "Supporting Files";
			sourceTree = "<group>";
		};
/* End PBXGroup section */

/* Begin PBXNativeTarget section */
		C6C805A91C25E54100817E4B /* DreamCatcher */ = {
			isa = PBXNativeTarget;
			buildConfigurationList = C6C805CD1C25E54100817E4B /* Build configuration list for PBXNativeTarget "DreamCatcher" */;
			buildPhases = (
				C6C805A61C25E54100817E4B /* Sources */,
				C6C805A71C25E54100817E4B /* Frameworks */,
				C6C805A81C25E54100817E4B /* Resources */,
			);
			buildRules = (
			);
			dependencies = (
			);
			name = DreamCatcher;
			productName = DreamCatcher;
			productReference = C6C805AA1C25E54100817E4B /* DreamCatcher.app */;
			productType = "com.apple.product-type.application";
		};
		C6C805C21C25E54100817E4B /* DreamCatcherTests */ = {
			isa = PBXNativeTarget;
			buildConfigurationList = C6C805D01C25E54100817E4B /* Build configuration list for PBXNativeTarget "DreamCatcherTests" */;
			buildPhases = (
				C6C805BF1C25E54100817E4B /* Sources */,
				C6C805C01C25E54100817E4B /* Frameworks */,
				C6C805C11C25E54100817E4B /* Resources */,
			);
			buildRules = (
			);
			dependencies = (
				C6C805C51C25E54100817E4B /* PBXTargetDependency */,
			);
			name = DreamCatcherTests;
			productName = DreamCatcherTests;
			productReference = C6C805C31C25E54100817E4B /* DreamCatcherTests.xctest */;
			productType = "com.apple.product-type.bundle.unit-test";
		};
/* End PBXNativeTarget section */

/* Begin PBXProject section */
		C6C805A21C25E54100817E4B /* Project object */ = {
			isa = PBXProject;
			attributes = {
				LastUpgradeCheck = 0640;
				ORGANIZATIONNAME = MobileMakers;
				TargetAttributes = {
					C6C805A91C25E54100817E4B = {
						CreatedOnToolsVersion = 6.4;
					};
					C6C805C21C25E54100817E4B = {
						CreatedOnToolsVersion = 6.4;
						TestTargetID = C6C805A91C25E54100817E4B;
					};
				};
			};
			buildConfigurationList = C6C805A51C25E54100817E4B /* Build configuration list for PBXProject "DreamCatcher" */;
			compatibilityVersion = "Xcode 3.2";
			developmentRegion = English;
			hasScannedForEncodings = 0;
			knownRegions = (
				en,
				Base,
			);
			mainGroup = C6C805A11C25E54100817E4B;
			productRefGroup = C6C805AB1C25E54100817E4B /* Products */;
			projectDirPath = "";
			projectRoot = "";
			targets = (
				C6C805A91C25E54100817E4B /* DreamCatcher */,
				C6C805C21C25E54100817E4B /* DreamCatcherTests */,
			);
		};
/* End PBXProject section */

/* Begin PBXResourcesBuildPhase section */
		C6C805A81C25E54100817E4B /* Resources */ = {
			isa = PBXResourcesBuildPhase;
			buildActionMask = 2147483647;
			files = (
				C6C805B91C25E54100817E4B /* Main.storyboard in Resources */,
				C6C805BE1C25E54100817E4B /* LaunchScreen.xib in Resources */,
				C6C805BB1C25E54100817E4B /* Images.xcassets in Resources */,
			);
			runOnlyForDeploymentPostprocessing = 0;
		};
		C6C805C11C25E54100817E4B /* Resources */ = {
			isa = PBXResourcesBuildPhase;
			buildActionMask = 2147483647;
			files = (
			);
			runOnlyForDeploymentPostprocessing = 0;
		};
/* End PBXResourcesBuildPhase section */

/* Begin PBXSourcesBuildPhase section */
		C6C805A61C25E54100817E4B /* Sources */ = {
			isa = PBXSourcesBuildPhase;
			buildActionMask = 2147483647;
			files = (
				C6C805B31C25E54100817E4B /* AppDelegate.m in Sources */,
				C6C805B01C25E54100817E4B /* main.m in Sources */,
				C6C805D51C25E5CC00817E4B /* ListViewController.m in Sources */,
				C6C805D81C27A44C00817E4B /* DetailViewController.m in Sources */,
			);
			runOnlyForDeploymentPostprocessing = 0;
		};
		C6C805BF1C25E54100817E4B /* Sources */ = {
			isa = PBXSourcesBuildPhase;
			buildActionMask = 2147483647;
			files = (
				C6C805CA1C25E54100817E4B /* DreamCatcherTests.m in Sources */,
			);
			runOnlyForDeploymentPostprocessing = 0;
		};
/* End PBXSourcesBuildPhase section */

/* Begin PBXTargetDependency section */
		C6C805C51C25E54100817E4B /* PBXTargetDependency */ = {
			isa = PBXTargetDependency;
			target = C6C805A91C25E54100817E4B /* DreamCatcher */;
			targetProxy = C6C805C41C25E54100817E4B /* PBXContainerItemProxy */;
		};
/* End PBXTargetDependency section */

/* Begin PBXVariantGroup section */
		C6C805B71C25E54100817E4B /* Main.storyboard */ = {
			isa = PBXVariantGroup;
			children = (
				C6C805B81C25E54100817E4B /* Base */,
			);
			name = Main.storyboard;
			sourceTree = "<group>";
		};
		C6C805BC1C25E54100817E4B /* LaunchScreen.xib */ = {
			isa = PBXVariantGroup;
			children = (
				C6C805BD1C25E54100817E4B /* Base */,
			);
			name = LaunchScreen.xib;
			sourceTree = "<group>";
		};
/* End PBXVariantGroup section */

/* Begin XCBuildConfiguration section */
		C6C805CB1C25E54100817E4B /* Debug */ = {
			isa = XCBuildConfiguration;
			buildSettings = {
				ALWAYS_SEARCH_USER_PATHS = NO;
				CLANG_CXX_LANGUAGE_STANDARD = "gnu++0x";
				CLANG_CXX_LIBRARY = "libc++";
				CLANG_ENABLE_MODULES = YES;
				CLANG_ENABLE_OBJC_ARC = YES;
				CLANG_WARN_BOOL_CONVERSION = YES;
				CLANG_WARN_CONSTANT_CONVERSION = YES;
				CLANG_WARN_DIRECT_OBJC_ISA_USAGE = YES_ERROR;
				CLANG_WARN_EMPTY_BODY = YES;
				CLANG_WARN_ENUM_CONVERSION = YES;
				CLANG_WARN_INT_CONVERSION = YES;
				CLANG_WARN_OBJC_ROOT_CLASS = YES_ERROR;
				CLANG_WARN_UNREACHABLE_CODE = YES;
				CLANG_WARN__DUPLICATE_METHOD_MATCH = YES;
				"CODE_SIGN_IDENTITY[sdk=iphoneos*]" = "iPhone Developer";
				COPY_PHASE_STRIP = NO;
				DEBUG_INFORMATION_FORMAT = "dwarf-with-dsym";
				ENABLE_STRICT_OBJC_MSGSEND = YES;
				GCC_C_LANGUAGE_STANDARD = gnu99;
				GCC_DYNAMIC_NO_PIC = NO;
				GCC_NO_COMMON_BLOCKS = YES;
				GCC_OPTIMIZATION_LEVEL = 0;
				GCC_PREPROCESSOR_DEFINITIONS = (
					"DEBUG=1",
					"$(inherited)",
				);
				GCC_SYMBOLS_PRIVATE_EXTERN = NO;
				GCC_WARN_64_TO_32_BIT_CONVERSION = YES;
				GCC_WARN_ABOUT_RETURN_TYPE = YES_ERROR;
				GCC_WARN_UNDECLARED_SELECTOR = YES;
				GCC_WARN_UNINITIALIZED_AUTOS = YES_AGGRESSIVE;
				GCC_WARN_UNUSED_FUNCTION = YES;
				GCC_WARN_UNUSED_VARIABLE = YES;
				IPHONEOS_DEPLOYMENT_TARGET = 8.4;
				MTL_ENABLE_DEBUG_INFO = YES;
				ONLY_ACTIVE_ARCH = YES;
				SDKROOT = iphoneos;
			};
			name = Debug;
		};
		C6C805CC1C25E54100817E4B /* Release */ = {
			isa = XCBuildConfiguration;
			buildSettings = {
				ALWAYS_SEARCH_USER_PATHS = NO;
				CLANG_CXX_LANGUAGE_STANDARD = "gnu++0x";
				CLANG_CXX_LIBRARY = "libc++";
				CLANG_ENABLE_MODULES = YES;
				CLANG_ENABLE_OBJC_ARC = YES;
				CLANG_WARN_BOOL_CONVERSION = YES;
				CLANG_WARN_CONSTANT_CONVERSION = YES;
				CLANG_WARN_DIRECT_OBJC_ISA_USAGE = YES_ERROR;
				CLANG_WARN_EMPTY_BODY = YES;
				CLANG_WARN_ENUM_CONVERSION = YES;
				CLANG_WARN_INT_CONVERSION = YES;
				CLANG_WARN_OBJC_ROOT_CLASS = YES_ERROR;
				CLANG_WARN_UNREACHABLE_CODE = YES;
				CLANG_WARN__DUPLICATE_METHOD_MATCH = YES;
				"CODE_SIGN_IDENTITY[sdk=iphoneos*]" = "iPhone Developer";
				COPY_PHASE_STRIP = NO;
				DEBUG_INFORMATION_FORMAT = "dwarf-with-dsym";
				ENABLE_NS_ASSERTIONS = NO;
				ENABLE_STRICT_OBJC_MSGSEND = YES;
				GCC_C_LANGUAGE_STANDARD = gnu99;
				GCC_NO_COMMON_BLOCKS = YES;
				GCC_WARN_64_TO_32_BIT_CONVERSION = YES;
				GCC_WARN_ABOUT_RETURN_TYPE = YES_ERROR;
				GCC_WARN_UNDECLARED_SELECTOR = YES;
				GCC_WARN_UNINITIALIZED_AUTOS = YES_AGGRESSIVE;
				GCC_WARN_UNUSED_FUNCTION = YES;
				GCC_WARN_UNUSED_VARIABLE = YES;
				IPHONEOS_DEPLOYMENT_TARGET = 8.4;
				MTL_ENABLE_DEBUG_INFO = NO;
				SDKROOT = iphoneos;
				VALIDATE_PRODUCT = YES;
			};
			name = Release;
		};
		C6C805CE1C25E54100817E4B /* Debug */ = {
			isa = XCBuildConfiguration;
			buildSettings = {
				ASSETCATALOG_COMPILER_APPICON_NAME = AppIcon;
				INFOPLIST_FILE = DreamCatcher/Info.plist;
				LD_RUNPATH_SEARCH_PATHS = "$(inherited) @executable_path/Frameworks";
				PRODUCT_NAME = "$(TARGET_NAME)";
			};
			name = Debug;
		};
		C6C805CF1C25E54100817E4B /* Release */ = {
			isa = XCBuildConfiguration;
			buildSettings = {
				ASSETCATALOG_COMPILER_APPICON_NAME = AppIcon;
				INFOPLIST_FILE = DreamCatcher/Info.plist;
				LD_RUNPATH_SEARCH_PATHS = "$(inherited) @executable_path/Frameworks";
				PRODUCT_NAME = "$(TARGET_NAME)";
			};
			name = Release;
		};
		C6C805D11C25E54100817E4B /* Debug */ = {
			isa = XCBuildConfiguration;
			buildSettings = {
				BUNDLE_LOADER = "$(TEST_HOST)";
				FRAMEWORK_SEARCH_PATHS = (
					"$(SDKROOT)/Developer/Library/Frameworks",
					"$(inherited)",
				);
				GCC_PREPROCESSOR_DEFINITIONS = (
					"DEBUG=1",
					"$(inherited)",
				);
				INFOPLIST_FILE = DreamCatcherTests/Info.plist;
				LD_RUNPATH_SEARCH_PATHS = "$(inherited) @executable_path/Frameworks @loader_path/Frameworks";
				PRODUCT_NAME = "$(TARGET_NAME)";
				TEST_HOST = "$(BUILT_PRODUCTS_DIR)/DreamCatcher.app/DreamCatcher";
			};
			name = Debug;
		};
		C6C805D21C25E54100817E4B /* Release */ = {
			isa = XCBuildConfiguration;
			buildSettings = {
				BUNDLE_LOADER = "$(TEST_HOST)";
				FRAMEWORK_SEARCH_PATHS = (
					"$(SDKROOT)/Developer/Library/Frameworks",
					"$(inherited)",
				);
				INFOPLIST_FILE = DreamCatcherTests/Info.plist;
				LD_RUNPATH_SEARCH_PATHS = "$(inherited) @executable_path/Frameworks @loader_path/Frameworks";
				PRODUCT_NAME = "$(TARGET_NAME)";
				TEST_HOST = "$(BUILT_PRODUCTS_DIR)/DreamCatcher.app/DreamCatcher";
			};
			name = Release;
		};
/* End XCBuildConfiguration section */

/* Begin XCConfigurationList section */
		C6C805A51C25E54100817E4B /* Build configuration list for PBXProject "DreamCatcher" */ = {
			isa = XCConfigurationList;
			buildConfigurations = (
				C6C805CB1C25E54100817E4B /* Debug */,
				C6C805CC1C25E54100817E4B /* Release */,
			);
			defaultConfigurationIsVisible = 0;
			defaultConfigurationName = Release;
		};
		C6C805CD1C25E54100817E4B /* Build configuration list for PBXNativeTarget "DreamCatcher" */ = {
			isa = XCConfigurationList;
			buildConfigurations = (
				C6C805CE1C25E54100817E4B /* Debug */,
				C6C805CF1C25E54100817E4B /* Release */,
			);
			defaultConfigurationIsVisible = 0;
		};
		C6C805D01C25E54100817E4B /* Build configuration list for PBXNativeTarget "DreamCatcherTests" */ = {
			isa = XCConfigurationList;
			buildConfigurations = (
				C6C805D11C25E54100817E4B /* Debug */,
				C6C805D21C25E54100817E4B /* Release */,
			);
			defaultConfigurationIsVisible = 0;
		};
/* End XCConfigurationList section */
	};
	rootObject = C6C805A21C25E54100817E4B /* Project object */;
}
